
Microsoft Visual Studio Solution File, Format Version 12.00
# Visual Studio Version 17
VisualStudioVersion = 17.10.34916.146
MinimumVisualStudioVersion = 10.0.40219.1
Project("{FAE04EC0-301F-11D3-BF4B-00C04F79EFBC}") = "Day-2", "Day-2\Day-2.csproj", "{D44ECD4D-6098-4A0F-AD86-3E6FE07E87FA}"
EndProject
Global
	GlobalSection(SolutionConfigurationPlatforms) = preSolution
		Debug|Any CPU = Debug|Any CPU
		Release|Any CPU = Release|Any CPU
	EndGlobalSection
	GlobalSection(ProjectConfigurationPlatforms) = postSolution
		{D44ECD4D-6098-4A0F-AD86-3E6FE07E87FA}.Debug|Any CPU.ActiveCfg = Debug|Any CPU
		{D44ECD4D-6098-4A0F-AD86-3E6FE07E87FA}.Debug|Any CPU.Build.0 = Debug|Any CPU
		{D44ECD4D-6098-4A0F-AD86-3E6FE07E87FA}.Release|Any CPU.ActiveCfg = Release|Any CPU
		{D44ECD4D-6098-4A0F-AD86-3E6FE07E87FA}.Release|Any CPU.Build.0 = Release|Any CPU
	EndGlobalSection
	GlobalSection(SolutionProperties) = preSolution
		HideSolutionNode = FALSE
	EndGlobalSection
	GlobalSection(ExtensibilityGlobals) = postSolution
		SolutionGuid = {80A9B958-A34C-4E5F-86FD-AE09EA8E09AD}
	EndGlobalSection
EndGlobal
