
Microsoft Visual Studio Solution File, Format Version 12.00
# Visual Studio Version 17
VisualStudioVersion = 17.10.34916.146
MinimumVisualStudioVersion = 10.0.40219.1
Project("{FAE04EC0-301F-11D3-BF4B-00C04F79EFBC}") = "Day-5", "Day-5\Day-5.csproj", "{0B02A8E0-02D7-4A6D-990C-A74CD0775AA1}"
EndProject
Project("{FAE04EC0-301F-11D3-BF4B-00C04F79EFBC}") = "CustomLibrary", "CustomLibrary\CustomLibrary.csproj", "{5348A42A-FC57-4BDA-90C4-8D569029EE65}"
EndProject
Global
	GlobalSection(SolutionConfigurationPlatforms) = preSolution
		Debug|Any CPU = Debug|Any CPU
		Release|Any CPU = Release|Any CPU
	EndGlobalSection
	GlobalSection(ProjectConfigurationPlatforms) = postSolution
		{0B02A8E0-02D7-4A6D-990C-A74CD0775AA1}.Debug|Any CPU.ActiveCfg = Debug|Any CPU
		{0B02A8E0-02D7-4A6D-990C-A74CD0775AA1}.Debug|Any CPU.Build.0 = Debug|Any CPU
		{0B02A8E0-02D7-4A6D-990C-A74CD0775AA1}.Release|Any CPU.ActiveCfg = Release|Any CPU
		{0B02A8E0-02D7-4A6D-990C-A74CD0775AA1}.Release|Any CPU.Build.0 = Release|Any CPU
		{5348A42A-FC57-4BDA-90C4-8D569029EE65}.Debug|Any CPU.ActiveCfg = Debug|Any CPU
		{5348A42A-FC57-4BDA-90C4-8D569029EE65}.Debug|Any CPU.Build.0 = Debug|Any CPU
		{5348A42A-FC57-4BDA-90C4-8D569029EE65}.Release|Any CPU.ActiveCfg = Release|Any CPU
		{5348A42A-FC57-4BDA-90C4-8D569029EE65}.Release|Any CPU.Build.0 = Release|Any CPU
	EndGlobalSection
	GlobalSection(SolutionProperties) = preSolution
		HideSolutionNode = FALSE
	EndGlobalSection
	GlobalSection(ExtensibilityGlobals) = postSolution
		SolutionGuid = {7913A08B-3EF3-47F6-80C6-B9EBD36601D0}
	EndGlobalSection
EndGlobal
