
Microsoft Visual Studio Solution File, Format Version 12.00
# Visual Studio Version 17
VisualStudioVersion = 17.10.34916.146
MinimumVisualStudioVersion = 10.0.40219.1
Project("{FAE04EC0-301F-11D3-BF4B-00C04F79EFBC}") = "Day-6", "Day-6\Day-6.csproj", "{B7A6A652-8583-49A3-A29C-EA689B5CAD01}"
EndProject
Project("{FAE04EC0-301F-11D3-BF4B-00C04F79EFBC}") = "ClassLibrary1", "ClassLibrary1\ClassLibrary1.csproj", "{A514A5C0-2EAA-4FED-B89A-A7C8A96734C1}"
EndProject
Global
	GlobalSection(SolutionConfigurationPlatforms) = preSolution
		Debug|Any CPU = Debug|Any CPU
		Release|Any CPU = Release|Any CPU
	EndGlobalSection
	GlobalSection(ProjectConfigurationPlatforms) = postSolution
		{B7A6A652-8583-49A3-A29C-EA689B5CAD01}.Debug|Any CPU.ActiveCfg = Debug|Any CPU
		{B7A6A652-8583-49A3-A29C-EA689B5CAD01}.Debug|Any CPU.Build.0 = Debug|Any CPU
		{B7A6A652-8583-49A3-A29C-EA689B5CAD01}.Release|Any CPU.ActiveCfg = Release|Any CPU
		{B7A6A652-8583-49A3-A29C-EA689B5CAD01}.Release|Any CPU.Build.0 = Release|Any CPU
		{A514A5C0-2EAA-4FED-B89A-A7C8A96734C1}.Debug|Any CPU.ActiveCfg = Debug|Any CPU
		{A514A5C0-2EAA-4FED-B89A-A7C8A96734C1}.Debug|Any CPU.Build.0 = Debug|Any CPU
		{A514A5C0-2EAA-4FED-B89A-A7C8A96734C1}.Release|Any CPU.ActiveCfg = Release|Any CPU
		{A514A5C0-2EAA-4FED-B89A-A7C8A96734C1}.Release|Any CPU.Build.0 = Release|Any CPU
	EndGlobalSection
	GlobalSection(SolutionProperties) = preSolution
		HideSolutionNode = FALSE
	EndGlobalSection
	GlobalSection(ExtensibilityGlobals) = postSolution
		SolutionGuid = {9854B651-7A9D-4008-8762-F6A48136077F}
	EndGlobalSection
EndGlobal
